{
  "name": "@colmena-ai/documents",
  "version": "0.3.0",
  "lockfileVersion": 3,
  "requires": true,
  "packages": {
    "": {
      "name": "@colmena-ai/documents",
      "version": "0.3.0",
      "dependencies": {
        "nodejs-polars": "^0.20.0"
      },
      "devDependencies": {
        "@types/node": "^20",
        "typescript": "^5.4.0"
      },
      "peerDependencies": {
        "colmena-ai": "^0.3.0"
      }
    },
    "node_modules/@types/node": {
      "version": "20.19.43",
      "resolved": "https://registry.npmjs.org/@types/node/-/node-20.19.43.tgz",
      "integrity": "sha512-6oYBAi5ikg4Pl+kGsoYtawUMBT2zZMCvPNF7pVLnHZfd1zf38DRiWn/gT01RYCdUqkv7Fhr+C9ot4/tb+2sVvA==",
      "dev": true,
      "license": "MIT",
      "dependencies": {
        "undici-types": "~6.21.0"
      }
    },
    "node_modules/colmena-ai": {
      "version": "0.3.2",
      "resolved": "https://registry.npmjs.org/colmena-ai/-/colmena-ai-0.3.2.tgz",
      "integrity": "sha512-hOztJMZoiOQ8JtZ0RYxJP/9OlWdRjLoV4dxiS6vAYMcwqfNw0wslJP2hzdZw9dVX6FCkhF80mZqNXPBEtk4zHg==",
      "peer": true,
      "engines": {
        "node": ">= 10"
      }
    },
    "node_modules/nodejs-polars": {
      "version": "0.20.1",
      "resolved": "https://registry.npmjs.org/nodejs-polars/-/nodejs-polars-0.20.1.tgz",
      "integrity": "sha512-a2CGYY/gRLOW9a5jfavm2wreddcZ93HhJ1d+bIv2+e77JBtlD/pANk4vxj1yD6SAXb6MEJmERnfD4WNV7QmwCA==",
      "license": "MIT",
      "workspaces": [
        "benches"
      ],
      "engines": {
        "node": ">= 18"
      },
      "optionalDependencies": {
        "nodejs-polars-android-arm64": "0.20.1",
        "nodejs-polars-darwin-arm64": "0.20.1",
        "nodejs-polars-darwin-x64": "0.20.1",
        "nodejs-polars-linux-arm64-gnu": "0.20.1",
        "nodejs-polars-linux-arm64-musl": "0.20.1",
        "nodejs-polars-linux-x64-gnu": "0.20.1",
        "nodejs-polars-linux-x64-musl": "0.20.1",
        "nodejs-polars-win32-x64-msvc": "0.20.1"
      }
    },
    "node_modules/nodejs-polars-android-arm64": {
      "version": "0.20.1",
      "resolved": "https://registry.npmjs.org/nodejs-polars-android-arm64/-/nodejs-polars-android-arm64-0.20.1.tgz",
      "integrity": "sha512-2pzUhD2Ax7rbzcLDpYqQorDDU9/7bQbEeCJg58NOUrFLtU5vj9GEJKd23E4KcVeWhGEEBORoB/Y65L/x5qxeZA==",
      "cpu": [
        "arm64"
      ],
      "license": "SEE LICENSE IN LICENSE",
      "optional": true,
      "os": [
        "android"
      ],
      "engines": {
        "node": ">= 16"
      }
    },
    "node_modules/nodejs-polars-darwin-arm64": {
      "version": "0.20.1",
      "resolved": "https://registry.npmjs.org/nodejs-polars-darwin-arm64/-/nodejs-polars-darwin-arm64-0.20.1.tgz",
      "integrity": "sha512-KYExl+yWfgqPNODTyaaF4u0XDO5nWfGUgp1ZOlXWK1Q7lZ4FfGyBFMI0lL857WnvjWv650qTI/I33psOXWB+4Q==",
      "cpu": [
        "arm64"
      ],
      "license": "SEE LICENSE IN LICENSE",
      "optional": true,
      "os": [
        "darwin"
      ],
      "engines": {
        "node": ">= 16"
      }
    },
    "node_modules/nodejs-polars-darwin-x64": {
      "version": "0.20.1",
      "resolved": "https://registry.npmjs.org/nodejs-polars-darwin-x64/-/nodejs-polars-darwin-x64-0.20.1.tgz",
      "integrity": "sha512-74/GgTI+Plo5iUiX/cpFWdwnOsnjh3X2GV4aMxTCNu0EYAGwEi/A5U0LOp1eDfAXQUXSaGKZDa9Yft2kxYgVJA==",
      "cpu": [
        "x64"
      ],
      "license": "SEE LICENSE IN LICENSE",
      "optional": true,
      "os": [
        "darwin"
      ],
      "engines": {
        "node": ">= 16"
      }
    },
    "node_modules/nodejs-polars-linux-arm64-gnu": {
      "version": "0.20.1",
      "resolved": "https://registry.npmjs.org/nodejs-polars-linux-arm64-gnu/-/nodejs-polars-linux-arm64-gnu-0.20.1.tgz",
      "integrity": "sha512-9ihTwtTcGxBSbi7QmLEZGrtT27ESwXeFIivcF9sm47rgPvjMeoskbMVcIBTVdZhilG375dIb+D7U5m0Flu4zjg==",
      "cpu": [
        "arm64"
      ],
      "libc": [
        "glibc"
      ],
      "license": "SEE LICENSE IN LICENSE",
      "optional": true,
      "os": [
        "linux"
      ],
      "engines": {
        "node": ">= 16"
      }
    },
    "node_modules/nodejs-polars-linux-arm64-musl": {
      "version": "0.20.1",
      "resolved": "https://registry.npmjs.org/nodejs-polars-linux-arm64-musl/-/nodejs-polars-linux-arm64-musl-0.20.1.tgz",
      "integrity": "sha512-L3+NNXHo7Vu6Kq08AT2nfjn8uoDVyXT3B9YvEij4nycYwYxuLLyxMBdZE9dSb6OfSMzoj5IBWtmXFQRwBtvtlQ==",
      "cpu": [
        "arm64"
      ],
      "libc": [
        "musl"
      ],
      "license": "SEE LICENSE IN LICENSE",
      "optional": true,
      "os": [
        "linux"
      ],
      "engines": {
        "node": ">= 16"
      }
    },
    "node_modules/nodejs-polars-linux-x64-gnu": {
      "version": "0.20.1",
      "resolved": "https://registry.npmjs.org/nodejs-polars-linux-x64-gnu/-/nodejs-polars-linux-x64-gnu-0.20.1.tgz",
      "integrity": "sha512-ct8wUAuBBPoGkpqZchv8eIUJM+lIAoN4VL9SQGUHbvCLcEtKYrkHcGNOpH+VSmBtCGcsTMsoiKTfMg/fsEaDBg==",
      "cpu": [
        "x64"
      ],
      "libc": [
        "glibc"
      ],
      "license": "SEE LICENSE IN LICENSE",
      "optional": true,
      "os": [
        "linux"
      ],
      "engines": {
        "node": ">= 16"
      }
    },
    "node_modules/nodejs-polars-linux-x64-musl": {
      "version": "0.20.1",
      "resolved": "https://registry.npmjs.org/nodejs-polars-linux-x64-musl/-/nodejs-polars-linux-x64-musl-0.20.1.tgz",
      "integrity": "sha512-cDQtQrge0Wq3qUJNfGB9TtwqC1Ay6D77NbP7NLDESRuo9Mj4Nw3QdvVg54HEd6Du9EnwVBZzUbWmDWBNEv8kBQ==",
      "cpu": [
        "x64"
      ],
      "libc": [
        "musl"
      ],
      "license": "SEE LICENSE IN LICENSE",
      "optional": true,
      "os": [
        "linux"
      ],
      "engines": {
        "node": ">= 16"
      }
    },
    "node_modules/nodejs-polars-win32-x64-msvc": {
      "version": "0.20.1",
      "resolved": "https://registry.npmjs.org/nodejs-polars-win32-x64-msvc/-/nodejs-polars-win32-x64-msvc-0.20.1.tgz",
      "integrity": "sha512-OUOjMMiUkI1K6aDubXMbgio+7uy6aFn14Jy15Q3ClKARE0WR4Xu243KlMkUX80Mvd5bkcdfmea7dFjAZVuzcKA==",
      "cpu": [
        "x64"
      ],
      "license": "SEE LICENSE IN LICENSE",
      "optional": true,
      "os": [
        "win32"
      ],
      "engines": {
        "node": ">= 16"
      }
    },
    "node_modules/typescript": {
      "version": "5.9.3",
      "resolved": "https://registry.npmjs.org/typescript/-/typescript-5.9.3.tgz",
      "integrity": "sha512-jl1vZzPDinLr9eUt3J/t7V6FgNEw9QjvBPdysz9KfQDD41fQrC2Y4vKQdiaUpFT4bXlb1RHhLpp8wtm6M5TgSw==",
      "dev": true,
      "license": "Apache-2.0",
      "bin": {
        "tsc": "bin/tsc",
        "tsserver": "bin/tsserver"
      },
      "engines": {
        "node": ">=14.17"
      }
    },
    "node_modules/undici-types": {
      "version": "6.21.0",
      "resolved": "https://registry.npmjs.org/undici-types/-/undici-types-6.21.0.tgz",
      "integrity": "sha512-iwDZqg0QAGrg9Rav5H4n0M64c3mkR59cJ6wQp+7C4nI0gsmExaedaYLNO44eT4AtBBwjbTiGPMlt2Md0T9H9JQ==",
      "dev": true,
      "license": "MIT"
    }
  }
}
